<?xml version="1.0" encoding="utf-8"?>
<Project ToolsVersion="4.0" xmlns="http://schemas.microsoft.com/developer/msbuild/2003">
  <ItemGroup>
    <Filter Include="Source Files">
      <UniqueIdentifier>{fabbdf19-6ea1-49ea-8aba-59b06fa7b562}</UniqueIdentifier>
      <Extensions>cpp;c;cxx;def;odl;idl;hpj;bat;asm</Extensions>
    </Filter>
    <Filter Include="Header Files">
      <UniqueIdentifier>{d22703c0-a5de-495c-910e-e64285ad711c}</UniqueIdentifier>
      <Extensions>h;hpp;hxx;hm;inl;inc</Extensions>
    </Filter>
    <Filter Include="Resource Files">
      <UniqueIdentifier>{af9b1ee1-e1c2-41b3-8591-e289edccd05e}</UniqueIdentifier>
      <Extensions>rc;ico;cur;bmp;dlg;rc2;rct;bin;rgs;gif;jpg;jpeg;jpe</Extensions>
    </Filter>
  </ItemGroup>
  <ItemGroup>
    <ClCompile Include="Dll.cpp">
      <Filter>Source Files</Filter>
    </ClCompile>
    <ClCompile Include="NSExt.cpp">
      <Filter>Source Files</Filter>
    </ClCompile>
    <ClCompile Include="ContextMenuUtils.cpp">
      <Filter>Source Files</Filter>
    </ClCompile>
    <ClCompile Include="BaseFolderViewEnumIDList.cpp">
      <Filter>Source Files</Filter>
    </ClCompile>
    <ClCompile Include="RootFolderViewEnumIDList.cpp">
      <Filter>Source Files</Filter>
    </ClCompile>
    <ClCompile Include="ServerFolderViewEnumIDList.cpp">
      <Filter>Source Files</Filter>
    </ClCompile>
    <ClCompile Include="BaseFolderView.cpp">
      <Filter>Source Files</Filter>
    </ClCompile>
    <ClCompile Include="RootFolderView.cpp">
      <Filter>Source Files</Filter>
    </ClCompile>
    <ClCompile Include="ServerFolderView.cpp">
      <Filter>Source Files</Filter>
    </ClCompile>
    <ClCompile Include="RealFolderFolderView.cpp">
      <Filter>Source Files</Filter>
    </ClCompile>
    <ClCompile Include="RealFolderBackgroundContextMenu.cpp">
      <Filter>Source Files</Filter>
    </ClCompile>
    <ClCompile Include="ServerContextMenu.cpp">
      <Filter>Source Files</Filter>
    </ClCompile>
    <ClCompile Include="ElevationUtils.cpp">
      <Filter>Source Files</Filter>
    </ClCompile>
    <ClCompile Include="ComUtils.cpp">
      <Filter>Source Files</Filter>
    </ClCompile>
    <ClCompile Include="Log.cpp">
      <Filter>Source Files</Filter>
    </ClCompile>
    <ClCompile Include="PathInfo.cpp">
      <Filter>Source Files</Filter>
    </ClCompile>
    <ClCompile Include="BaseFolderViewCB.cpp">
      <Filter>Source Files</Filter>
    </ClCompile>
    <ClCompile Include="RealFolderFolderViewCB.cpp">
      <Filter>Source Files</Filter>
    </ClCompile>
    <ClCompile Include="RAASClientXmlUtils.cpp">
      <Filter>Source Files</Filter>
    </ClCompile>
    <ClCompile Include="RAASClientProgramHelper.cpp">
      <Filter>Source Files</Filter>
    </ClCompile>
    <ClCompile Include="BaseFolderViewChildHelper.cpp">
      <Filter>Source Files</Filter>
    </ClCompile>
  </ItemGroup>
  <ItemGroup>
    <ClInclude Include="Guid.h">
      <Filter>Header Files</Filter>
    </ClInclude>
    <ClInclude Include="resource.h">
      <Filter>Header Files</Filter>
    </ClInclude>
    <ClInclude Include="Dll.h">
      <Filter>Header Files</Filter>
    </ClInclude>
    <ClInclude Include="NSExt.h">
      <Filter>Header Files</Filter>
    </ClInclude>
    <ClInclude Include="ContextMenuUtils.h">
      <Filter>Header Files</Filter>
    </ClInclude>
    <ClInclude Include="BaseFolderViewEnumIDList.h">
      <Filter>Header Files</Filter>
    </ClInclude>
    <ClInclude Include="RootFolderViewEnumIDList.h">
      <Filter>Header Files</Filter>
    </ClInclude>
    <ClInclude Include="ServerFolderViewEnumIDList.h">
      <Filter>Header Files</Filter>
    </ClInclude>
    <ClInclude Include="BaseFolderView.h">
      <Filter>Header Files</Filter>
    </ClInclude>
    <ClInclude Include="RootFolderView.h">
      <Filter>Header Files</Filter>
    </ClInclude>
    <ClInclude Include="ServerFolderView.h">
      <Filter>Header Files</Filter>
    </ClInclude>
    <ClInclude Include="RealFolderFolderView.h">
      <Filter>Header Files</Filter>
    </ClInclude>
    <ClInclude Include="ServerContextMenu.h">
      <Filter>Header Files</Filter>
    </ClInclude>
    <ClInclude Include="RealFolderBackgroundContextMenu.h">
      <Filter>Header Files</Filter>
    </ClInclude>
    <ClInclude Include="ComUtils.h">
      <Filter>Header Files</Filter>
    </ClInclude>
    <ClInclude Include="ElevationUtils.h">
      <Filter>Header Files</Filter>
    </ClInclude>
    <ClInclude Include="Log.h">
      <Filter>Header Files</Filter>
    </ClInclude>
    <ClInclude Include="PathInfo.h">
      <Filter>Header Files</Filter>
    </ClInclude>
    <ClInclude Include="BaseFolderViewCB.h">
      <Filter>Header Files</Filter>
    </ClInclude>
    <ClInclude Include="RealFolderFolderViewCB.h">
      <Filter>Header Files</Filter>
    </ClInclude>
    <ClInclude Include="RAASClientProgramHelper.h">
      <Filter>Header Files</Filter>
    </ClInclude>
    <ClInclude Include="RAASClientXmlUtils.h">
      <Filter>Header Files</Filter>
    </ClInclude>
    <ClInclude Include="BaseFolderViewChildHelper.h">
      <Filter>Header Files</Filter>
    </ClInclude>
  </ItemGroup>
  <ItemGroup>
    <None Include="NSExt.def">
      <Filter>Source Files</Filter>
    </None>
  </ItemGroup>
  <ItemGroup>
    <ResourceCompile Include="NSExt.rc">
      <Filter>Resource Files</Filter>
    </ResourceCompile>
  </ItemGroup>
  <ItemGroup>
    <Image Include="..\..\..\icons\smallicons\serverconfig.png" />
    <Image Include="..\..\..\icons\smallicons\rdesktop.png" />
    <Image Include="..\..\..\icons\smallicons\raasclient.png" />
    <Image Include="..\..\..\icons\contextmenu\serverconfig.bmp">
      <Filter>Resource Files</Filter>
    </Image>
    <Image Include="..\..\..\icons\contextmenu\rdesktop.bmp">
      <Filter>Resource Files</Filter>
    </Image>
  </ItemGroup>
</Project>