
Microsoft Visual Studio Solution File, Format Version 12.00
# Visual Studio 15
VisualStudioVersion = 15.0.28307.271
MinimumVisualStudioVersion = 10.0.40219.1
Project("{D954291E-2A0B-460D-934E-DC6B0785DB48}") = "common.models", "common.models.shproj", "{E5077C89-D02C-4DAD-93E9-947B6928AAF5}"
EndProject
Global
	GlobalSection(SharedMSBuildProjectFiles) = preSolution
		common.models.projitems*{e5077c89-d02c-4dad-93e9-947b6928aaf5}*SharedItemsImports = 13
	EndGlobalSection
	GlobalSection(SolutionProperties) = preSolution
		HideSolutionNode = FALSE
	EndGlobalSection
	GlobalSection(ExtensibilityGlobals) = postSolution
		SolutionGuid = {3640A80D-5BE9-4D46-B87E-AACB606D067E}
	EndGlobalSection
EndGlobal
