
Microsoft Visual Studio Solution File, Format Version 12.00
# Visual Studio Version 17
VisualStudioVersion = 17.10.35027.167
MinimumVisualStudioVersion = 10.0.40219.1
Project("{FAE04EC0-301F-11D3-BF4B-00C04F79EFBC}") = "rmvshares", "rmvshares\rmvshares.csproj", "{D06740C2-6A3D-40FC-8E99-B1BA119AC7D1}"
EndProject
Project("{D954291E-2A0B-460D-934E-DC6B0785DB48}") = "common.models", "..\..\common\models\common.models.shproj", "{E5077C89-D02C-4DAD-93E9-947B6928AAF5}"
EndProject
Project("{D954291E-2A0B-460D-934E-DC6B0785DB48}") = "raasserver.helpers", "..\helpers\raasserver.helpers.shproj", "{445AE58D-07CC-4C9C-8118-C9B9BCAE2F80}"
EndProject
Project("{D954291E-2A0B-460D-934E-DC6B0785DB48}") = "common.helpers", "..\..\common\helpers\common.helpers.shproj", "{4725DF40-8001-4F7A-891B-FF7FF48CC9AC}"
EndProject
Project("{D954291E-2A0B-460D-934E-DC6B0785DB48}") = "raasserver.models", "..\models\raasserver.models.shproj", "{D1324006-6834-40CC-9409-071000FFD622}"
EndProject
Global
	GlobalSection(SolutionConfigurationPlatforms) = preSolution
		Debug|Any CPU = Debug|Any CPU
		Debug|x64 = Debug|x64
		Release|Any CPU = Release|Any CPU
		Release|x64 = Release|x64
	EndGlobalSection
	GlobalSection(ProjectConfigurationPlatforms) = postSolution
		{D06740C2-6A3D-40FC-8E99-B1BA119AC7D1}.Debug|Any CPU.ActiveCfg = Debug|Any CPU
		{D06740C2-6A3D-40FC-8E99-B1BA119AC7D1}.Debug|Any CPU.Build.0 = Debug|Any CPU
		{D06740C2-6A3D-40FC-8E99-B1BA119AC7D1}.Debug|x64.ActiveCfg = Debug|x64
		{D06740C2-6A3D-40FC-8E99-B1BA119AC7D1}.Debug|x64.Build.0 = Debug|x64
		{D06740C2-6A3D-40FC-8E99-B1BA119AC7D1}.Release|Any CPU.ActiveCfg = Release|Any CPU
		{D06740C2-6A3D-40FC-8E99-B1BA119AC7D1}.Release|Any CPU.Build.0 = Release|Any CPU
		{D06740C2-6A3D-40FC-8E99-B1BA119AC7D1}.Release|x64.ActiveCfg = Release|x64
		{D06740C2-6A3D-40FC-8E99-B1BA119AC7D1}.Release|x64.Build.0 = Release|x64
	EndGlobalSection
	GlobalSection(SolutionProperties) = preSolution
		HideSolutionNode = FALSE
	EndGlobalSection
	GlobalSection(ExtensibilityGlobals) = postSolution
		SolutionGuid = {AF4C8934-7741-45EE-8C09-5D1250345C3D}
	EndGlobalSection
	GlobalSection(SharedMSBuildProjectFiles) = preSolution
		..\helpers\raasserver.helpers.projitems*{445ae58d-07cc-4c9c-8118-c9b9bcae2f80}*SharedItemsImports = 13
		..\..\common\helpers\common.helpers.projitems*{4725df40-8001-4f7a-891b-ff7ff48cc9ac}*SharedItemsImports = 13
		..\..\common\helpers\common.helpers.projitems*{d06740c2-6a3d-40fc-8e99-b1ba119ac7d1}*SharedItemsImports = 4
		..\..\common\models\common.models.projitems*{d06740c2-6a3d-40fc-8e99-b1ba119ac7d1}*SharedItemsImports = 4
		..\helpers\raasserver.helpers.projitems*{d06740c2-6a3d-40fc-8e99-b1ba119ac7d1}*SharedItemsImports = 4
		..\models\raasserver.models.projitems*{d06740c2-6a3d-40fc-8e99-b1ba119ac7d1}*SharedItemsImports = 4
		..\models\raasserver.models.projitems*{d1324006-6834-40cc-9409-071000ffd622}*SharedItemsImports = 13
		..\..\common\models\common.models.projitems*{e5077c89-d02c-4dad-93e9-947b6928aaf5}*SharedItemsImports = 13
	EndGlobalSection
EndGlobal
