
Microsoft Visual Studio Solution File, Format Version 12.00
# Visual Studio Version 16
VisualStudioVersion = 16.0.28917.181
MinimumVisualStudioVersion = 10.0.40219.1
Project("{FAE04EC0-301F-11D3-BF4B-00C04F79EFBC}") = "rdesktop", "rdesktop\rdesktop.csproj", "{8AC7592B-FE99-46B7-91B1-03C8407B145D}"
EndProject
Project("{D954291E-2A0B-460D-934E-DC6B0785DB48}") = "common.helpers", "..\..\common\helpers\common.helpers.shproj", "{4725DF40-8001-4F7A-891B-FF7FF48CC9AC}"
EndProject
Project("{D954291E-2A0B-460D-934E-DC6B0785DB48}") = "common.models", "..\..\common\models\common.models.shproj", "{E5077C89-D02C-4DAD-93E9-947B6928AAF5}"
EndProject
Project("{D954291E-2A0B-460D-934E-DC6B0785DB48}") = "raasclient.helpers", "..\helpers\raasclient.helpers.shproj", "{3E107261-FD3A-4967-9FB5-8DA99A283EC0}"
EndProject
Project("{D954291E-2A0B-460D-934E-DC6B0785DB48}") = "raasclient.models", "..\models\raasclient.models.shproj", "{4270A3C7-E89B-4EE0-B5E2-972305C94B2E}"
EndProject
Global
	GlobalSection(SharedMSBuildProjectFiles) = preSolution
		..\helpers\raasclient.helpers.projitems*{3e107261-fd3a-4967-9fb5-8da99a283ec0}*SharedItemsImports = 13
		..\models\raasclient.models.projitems*{4270a3c7-e89b-4ee0-b5e2-972305c94b2e}*SharedItemsImports = 13
		..\..\common\helpers\common.helpers.projitems*{4725df40-8001-4f7a-891b-ff7ff48cc9ac}*SharedItemsImports = 13
		..\..\common\helpers\common.helpers.projitems*{8ac7592b-fe99-46b7-91b1-03c8407b145d}*SharedItemsImports = 4
		..\..\common\models\common.models.projitems*{8ac7592b-fe99-46b7-91b1-03c8407b145d}*SharedItemsImports = 4
		..\helpers\raasclient.helpers.projitems*{8ac7592b-fe99-46b7-91b1-03c8407b145d}*SharedItemsImports = 4
		..\models\raasclient.models.projitems*{8ac7592b-fe99-46b7-91b1-03c8407b145d}*SharedItemsImports = 4
		..\..\common\models\common.models.projitems*{e5077c89-d02c-4dad-93e9-947b6928aaf5}*SharedItemsImports = 13
	EndGlobalSection
	GlobalSection(SolutionConfigurationPlatforms) = preSolution
		Debug|Any CPU = Debug|Any CPU
		Debug|x64 = Debug|x64
		Release|Any CPU = Release|Any CPU
		Release|x64 = Release|x64
	EndGlobalSection
	GlobalSection(ProjectConfigurationPlatforms) = postSolution
		{8AC7592B-FE99-46B7-91B1-03C8407B145D}.Debug|Any CPU.ActiveCfg = Debug|Any CPU
		{8AC7592B-FE99-46B7-91B1-03C8407B145D}.Debug|Any CPU.Build.0 = Debug|Any CPU
		{8AC7592B-FE99-46B7-91B1-03C8407B145D}.Debug|x64.ActiveCfg = Debug|x64
		{8AC7592B-FE99-46B7-91B1-03C8407B145D}.Debug|x64.Build.0 = Debug|x64
		{8AC7592B-FE99-46B7-91B1-03C8407B145D}.Release|Any CPU.ActiveCfg = Release|Any CPU
		{8AC7592B-FE99-46B7-91B1-03C8407B145D}.Release|Any CPU.Build.0 = Release|Any CPU
		{8AC7592B-FE99-46B7-91B1-03C8407B145D}.Release|x64.ActiveCfg = Release|x64
		{8AC7592B-FE99-46B7-91B1-03C8407B145D}.Release|x64.Build.0 = Release|x64
	EndGlobalSection
	GlobalSection(SolutionProperties) = preSolution
		HideSolutionNode = FALSE
	EndGlobalSection
	GlobalSection(ExtensibilityGlobals) = postSolution
		SolutionGuid = {E84A3263-00BD-4C89-A21D-EE30D129DE74}
	EndGlobalSection
EndGlobal
